// !$*UTF8*$!
{
	archiveVersion = 1;
	classes = {
	};
	objectVersion = 50;
	objects = {

/* Begin PBXBuildFile section */
		1874604123884CD10001F859 /* AppDelegate.swift in Sources */ = {isa = PBXBuildFile; fileRef = 1874604023884CD10001F859 /* AppDelegate.swift */; };
		1874604323884CD10001F859 /* SceneDelegate.swift in Sources */ = {isa = PBXBuildFile; fileRef = 1874604223884CD10001F859 /* SceneDelegate.swift */; };
		1874604523884CD10001F859 /* ContentView.swift in Sources */ = {isa = PBXBuildFile; fileRef = 1874604423884CD10001F859 /* ContentView.swift */; };
		1874604723884CD20001F859 /* Assets.xcassets in Resources */ = {isa = PBXBuildFile; fileRef = 1874604623884CD20001F859 /* Assets.xcassets */; };
		1874604A23884CD20001F859 /* Preview Assets.xcassets in Resources */ = {isa = PBXBuildFile; fileRef = 1874604923884CD20001F859 /* Preview Assets.xcassets */; };
		1874604D23884CD20001F859 /* LaunchScreen.storyboard in Resources */ = {isa = PBXBuildFile; fileRef = 1874604B23884CD20001F859 /* LaunchScreen.storyboard */; };
		1874605523884F4C0001F859 /* CitizenData.swift in Sources */ = {isa = PBXBuildFile; fileRef = 1874605423884F4C0001F859 /* CitizenData.swift */; };
		18746057238850630001F859 /* DetailView.swift in Sources */ = {isa = PBXBuildFile; fileRef = 18746056238850630001F859 /* DetailView.swift */; };
/* End PBXBuildFile section */

/* Begin PBXFileReference section */
		1874603D23884CD10001F859 /* Day60 JSON Friends.app */ = {isa = PBXFileReference; explicitFileType = wrapper.application; includeInIndex = 0; path = "Day60 JSON Friends.app"; sourceTree = BUILT_PRODUCTS_DIR; };
		1874604023884CD10001F859 /* AppDelegate.swift */ = {isa = PBXFileReference; lastKnownFileType = sourcecode.swift; path = AppDelegate.swift; sourceTree = "<group>"; };
		1874604223884CD10001F859 /* SceneDelegate.swift */ = {isa = PBXFileReference; lastKnownFileType = sourcecode.swift; path = SceneDelegate.swift; sourceTree = "<group>"; };
		1874604423884CD10001F859 /* ContentView.swift */ = {isa = PBXFileReference; lastKnownFileType = sourcecode.swift; path = ContentView.swift; sourceTree = "<group>"; };
		1874604623884CD20001F859 /* Assets.xcassets */ = {isa = PBXFileReference; lastKnownFileType = folder.assetcatalog; path = Assets.xcassets; sourceTree = "<group>"; };
		1874604923884CD20001F859 /* Preview Assets.xcassets */ = {isa = PBXFileReference; lastKnownFileType = folder.assetcatalog; path = "Preview Assets.xcassets"; sourceTree = "<group>"; };
		1874604C23884CD20001F859 /* Base */ = {isa = PBXFileReference; lastKnownFileType = file.storyboard; name = Base; path = Base.lproj/LaunchScreen.storyboard; sourceTree = "<group>"; };
		1874604E23884CD20001F859 /* Info.plist */ = {isa = PBXFileReference; lastKnownFileType = text.plist.xml; path = Info.plist; sourceTree = "<group>"; };
		1874605423884F4C0001F859 /* CitizenData.swift */ = {isa = PBXFileReference; lastKnownFileType = sourcecode.swift; path = CitizenData.swift; sourceTree = "<group>"; };
		18746056238850630001F859 /* DetailView.swift */ = {isa = PBXFileReference; lastKnownFileType = sourcecode.swift; path = DetailView.swift; sourceTree = "<group>"; };
/* End PBXFileReference section */

/* Begin PBXFrameworksBuildPhase section */
		1874603A23884CD10001F859 /* Frameworks */ = {
			isa = PBXFrameworksBuildPhase;
			buildActionMask = 2147483647;
			files = (
			);
			runOnlyForDeploymentPostprocessing = 0;
		};
/* End PBXFrameworksBuildPhase section */

/* Begin PBXGroup section */
		1874603423884CD10001F859 = {
			isa = PBXGroup;
			children = (
				1874603F23884CD10001F859 /* Day60 JSON Friends */,
				1874603E23884CD10001F859 /* Products */,
			);
			sourceTree = "<group>";
		};
		1874603E23884CD10001F859 /* Products */ = {
			isa = PBXGroup;
			children = (
				1874603D23884CD10001F859 /* Day60 JSON Friends.app */,
			);
			name = Products;
			sourceTree = "<group>";
		};
		1874603F23884CD10001F859 /* Day60 JSON Friends */ = {
			isa = PBXGroup;
			children = (
				1874604023884CD10001F859 /* AppDelegate.swift */,
				1874604223884CD10001F859 /* SceneDelegate.swift */,
				1874605423884F4C0001F859 /* CitizenData.swift */,
				1874604423884CD10001F859 /* ContentView.swift */,
				18746056238850630001F859 /* DetailView.swift */,
				1874604623884CD20001F859 /* Assets.xcassets */,
				1874604B23884CD20001F859 /* LaunchScreen.storyboard */,
				1874604E23884CD20001F859 /* Info.plist */,
				1874604823884CD20001F859 /* Preview Content */,
			);
			path = "Day60 JSON Friends";
			sourceTree = "<group>";
		};
		1874604823884CD20001F859 /* Preview Content */ = {
			isa = PBXGroup;
			children = (
				1874604923884CD20001F859 /* Preview Assets.xcassets */,
			);
			path = "Preview Content";
			sourceTree = "<group>";
		};
/* End PBXGroup section */

/* Begin PBXNativeTarget section */
		1874603C23884CD10001F859 /* Day60 JSON Friends */ = {
			isa = PBXNativeTarget;
			buildConfigurationList = 1874605123884CD20001F859 /* Build configuration list for PBXNativeTarget "Day60 JSON Friends" */;
			buildPhases = (
				1874603923884CD10001F859 /* Sources */,
				1874603A23884CD10001F859 /* Frameworks */,
				1874603B23884CD10001F859 /* Resources */,
			);
			buildRules = (
			);
			dependencies = (
			);
			name = "Day60 JSON Friends";
			productName = "Day60 JSON Friends";
			productReference = 1874603D23884CD10001F859 /* Day60 JSON Friends.app */;
			productType = "com.apple.product-type.application";
		};
/* End PBXNativeTarget section */

/* Begin PBXProject section */
		1874603523884CD10001F859 /* Project object */ = {
			isa = PBXProject;
			attributes = {
				LastSwiftUpdateCheck = 1120;
				LastUpgradeCheck = 1120;
				ORGANIZATIONNAME = "Impulse Coupled Development";
				TargetAttributes = {
					1874603C23884CD10001F859 = {
						CreatedOnToolsVersion = 11.2.1;
					};
				};
			};
			buildConfigurationList = 1874603823884CD10001F859 /* Build configuration list for PBXProject "Day60 JSON Friends" */;
			compatibilityVersion = "Xcode 9.3";
			developmentRegion = en;
			hasScannedForEncodings = 0;
			knownRegions = (
				en,
				Base,
			);
			mainGroup = 1874603423884CD10001F859;
			productRefGroup = 1874603E23884CD10001F859 /* Products */;
			projectDirPath = "";
			projectRoot = "";
			targets = (
				1874603C23884CD10001F859 /* Day60 JSON Friends */,
			);
		};
/* End PBXProject section */

/* Begin PBXResourcesBuildPhase section */
		1874603B23884CD10001F859 /* Resources */ = {
			isa = PBXResourcesBuildPhase;
			buildActionMask = 2147483647;
			files = (
				1874604D23884CD20001F859 /* LaunchScreen.storyboard in Resources */,
				1874604A23884CD20001F859 /* Preview Assets.xcassets in Resources */,
				1874604723884CD20001F859 /* Assets.xcassets in Resources */,
			);
			runOnlyForDeploymentPostprocessing = 0;
		};
/* End PBXResourcesBuildPhase section */

/* Begin PBXSourcesBuildPhase section */
		1874603923884CD10001F859 /* Sources */ = {
			isa = PBXSourcesBuildPhase;
			buildActionMask = 2147483647;
			files = (
				1874605523884F4C0001F859 /* CitizenData.swift in Sources */,
				1874604123884CD10001F859 /* AppDelegate.swift in Sources */,
				1874604323884CD10001F859 /* SceneDelegate.swift in Sources */,
				18746057238850630001F859 /* DetailView.swift in Sources */,
				1874604523884CD10001F859 /* ContentView.swift in Sources */,
			);
			runOnlyForDeploymentPostprocessing = 0;
		};
/* End PBXSourcesBuildPhase section */

/* Begin PBXVariantGroup section */
		1874604B23884CD20001F859 /* LaunchScreen.storyboard */ = {
			isa = PBXVariantGroup;
			children = (
				1874604C23884CD20001F859 /* Base */,
			);
			name = LaunchScreen.storyboard;
			sourceTree = "<group>";
		};
/* End PBXVariantGroup section */

/* Begin XCBuildConfiguration section */
		1874604F23884CD20001F859 /* Debug */ = {
			isa = XCBuildConfiguration;
			buildSettings = {
				ALWAYS_SEARCH_USER_PATHS = NO;
				CLANG_ANALYZER_NONNULL = YES;
				CLANG_ANALYZER_NUMBER_OBJECT_CONVERSION = YES_AGGRESSIVE;
				CLANG_CXX_LANGUAGE_STANDARD = "gnu++14";
				CLANG_CXX_LIBRARY = "libc++";
				CLANG_ENABLE_MODULES = YES;
				CLANG_ENABLE_OBJC_ARC = YES;
				CLANG_ENABLE_OBJC_WEAK = YES;
				CLANG_WARN_BLOCK_CAPTURE_AUTORELEASING = YES;
				CLANG_WARN_BOOL_CONVERSION = YES;
				CLANG_WARN_COMMA = YES;
				CLANG_WARN_CONSTANT_CONVERSION = YES;
				CLANG_WARN_DEPRECATED_OBJC_IMPLEMENTATIONS = YES;
				CLANG_WARN_DIRECT_OBJC_ISA_USAGE = YES_ERROR;
				CLANG_WARN_DOCUMENTATION_COMMENTS = YES;
				CLANG_WARN_EMPTY_BODY = YES;
				CLANG_WARN_ENUM_CONVERSION = YES;
				CLANG_WARN_INFINITE_RECURSION = YES;
				CLANG_WARN_INT_CONVERSION = YES;
				CLANG_WARN_NON_LITERAL_NULL_CONVERSION = YES;
				CLANG_WARN_OBJC_IMPLICIT_RETAIN_SELF = YES;
				CLANG_WARN_OBJC_LITERAL_CONVERSION = YES;
				CLANG_WARN_OBJC_ROOT_CLASS = YES_ERROR;
				CLANG_WARN_RANGE_LOOP_ANALYSIS = YES;
				CLANG_WARN_STRICT_PROTOTYPES = YES;
				CLANG_WARN_SUSPICIOUS_MOVE = YES;
				CLANG_WARN_UNGUARDED_AVAILABILITY = YES_AGGRESSIVE;
				CLANG_WARN_UNREACHABLE_CODE = YES;
				CLANG_WARN__DUPLICATE_METHOD_MATCH = YES;
				COPY_PHASE_STRIP = NO;
				DEBUG_INFORMATION_FORMAT = dwarf;
				ENABLE_STRICT_OBJC_MSGSEND = YES;
				ENABLE_TESTABILITY = YES;
				GCC_C_LANGUAGE_STANDARD = gnu11;
				GCC_DYNAMIC_NO_PIC = NO;
				GCC_NO_COMMON_BLOCKS = YES;
				GCC_OPTIMIZATION_LEVEL = 0;
				GCC_PREPROCESSOR_DEFINITIONS = (
					"DEBUG=1",
					"$(inherited)",
				);
				GCC_WARN_64_TO_32_BIT_CONVERSION = YES;
				GCC_WARN_ABOUT_RETURN_TYPE = YES_ERROR;
				GCC_WARN_UNDECLARED_SELECTOR = YES;
				GCC_WARN_UNINITIALIZED_AUTOS = YES_AGGRESSIVE;
				GCC_WARN_UNUSED_FUNCTION = YES;
				GCC_WARN_UNUSED_VARIABLE = YES;
				IPHONEOS_DEPLOYMENT_TARGET = 13.2;
				MTL_ENABLE_DEBUG_INFO = INCLUDE_SOURCE;
				MTL_FAST_MATH = YES;
				ONLY_ACTIVE_ARCH = YES;
				SDKROOT = iphoneos;
				SWIFT_ACTIVE_COMPILATION_CONDITIONS = DEBUG;
				SWIFT_OPTIMIZATION_LEVEL = "-Onone";
			};
			name = Debug;
		};
		1874605023884CD20001F859 /* Release */ = {
			isa = XCBuildConfiguration;
			buildSettings = {
				ALWAYS_SEARCH_USER_PATHS = NO;
				CLANG_ANALYZER_NONNULL = YES;
				CLANG_ANALYZER_NUMBER_OBJECT_CONVERSION = YES_AGGRESSIVE;
				CLANG_CXX_LANGUAGE_STANDARD = "gnu++14";
				CLANG_CXX_LIBRARY = "libc++";
				CLANG_ENABLE_MODULES = YES;
				CLANG_ENABLE_OBJC_ARC = YES;
				CLANG_ENABLE_OBJC_WEAK = YES;
				CLANG_WARN_BLOCK_CAPTURE_AUTORELEASING = YES;
				CLANG_WARN_BOOL_CONVERSION = YES;
				CLANG_WARN_COMMA = YES;
				CLANG_WARN_CONSTANT_CONVERSION = YES;
				CLANG_WARN_DEPRECATED_OBJC_IMPLEMENTATIONS = YES;
				CLANG_WARN_DIRECT_OBJC_ISA_USAGE = YES_ERROR;
				CLANG_WARN_DOCUMENTATION_COMMENTS = YES;
				CLANG_WARN_EMPTY_BODY = YES;
				CLANG_WARN_ENUM_CONVERSION = YES;
				CLANG_WARN_INFINITE_RECURSION = YES;
				CLANG_WARN_INT_CONVERSION = YES;
				CLANG_WARN_NON_LITERAL_NULL_CONVERSION = YES;
				CLANG_WARN_OBJC_IMPLICIT_RETAIN_SELF = YES;
				CLANG_WARN_OBJC_LITERAL_CONVERSION = YES;
				CLANG_WARN_OBJC_ROOT_CLASS = YES_ERROR;
				CLANG_WARN_RANGE_LOOP_ANALYSIS = YES;
				CLANG_WARN_STRICT_PROTOTYPES = YES;
				CLANG_WARN_SUSPICIOUS_MOVE = YES;
				CLANG_WARN_UNGUARDED_AVAILABILITY = YES_AGGRESSIVE;
				CLANG_WARN_UNREACHABLE_CODE = YES;
				CLANG_WARN__DUPLICATE_METHOD_MATCH = YES;
				COPY_PHASE_STRIP = NO;
				DEBUG_INFORMATION_FORMAT = "dwarf-with-dsym";
				ENABLE_NS_ASSERTIONS = NO;
				ENABLE_STRICT_OBJC_MSGSEND = YES;
				GCC_C_LANGUAGE_STANDARD = gnu11;
				GCC_NO_COMMON_BLOCKS = YES;
				GCC_WARN_64_TO_32_BIT_CONVERSION = YES;
				GCC_WARN_ABOUT_RETURN_TYPE = YES_ERROR;
				GCC_WARN_UNDECLARED_SELECTOR = YES;
				GCC_WARN_UNINITIALIZED_AUTOS = YES_AGGRESSIVE;
				GCC_WARN_UNUSED_FUNCTION = YES;
				GCC_WARN_UNUSED_VARIABLE = YES;
				IPHONEOS_DEPLOYMENT_TARGET = 13.2;
				MTL_ENABLE_DEBUG_INFO = NO;
				MTL_FAST_MATH = YES;
				SDKROOT = iphoneos;
				SWIFT_COMPILATION_MODE = wholemodule;
				SWIFT_OPTIMIZATION_LEVEL = "-O";
				VALIDATE_PRODUCT = YES;
			};
			name = Release;
		};
		1874605223884CD20001F859 /* Debug */ = {
			isa = XCBuildConfiguration;
			buildSettings = {
				ASSETCATALOG_COMPILER_APPICON_NAME = AppIcon;
				CODE_SIGN_STYLE = Automatic;
				DEVELOPMENT_ASSET_PATHS = "\"Day60 JSON Friends/Preview Content\"";
				DEVELOPMENT_TEAM = 4Q332864D3;
				ENABLE_PREVIEWS = YES;
				INFOPLIST_FILE = "Day60 JSON Friends/Info.plist";
				LD_RUNPATH_SEARCH_PATHS = (
					"$(inherited)",
					"@executable_path/Frameworks",
				);
				PRODUCT_BUNDLE_IDENTIFIER = "com.ImpulseCoupledDevelopment.Day60-JSON-Friends";
				PRODUCT_NAME = "$(TARGET_NAME)";
				SWIFT_VERSION = 5.0;
				TARGETED_DEVICE_FAMILY = "1,2";
			};
			name = Debug;
		};
		1874605323884CD20001F859 /* Release */ = {
			isa = XCBuildConfiguration;
			buildSettings = {
				ASSETCATALOG_COMPILER_APPICON_NAME = AppIcon;
				CODE_SIGN_STYLE = Automatic;
				DEVELOPMENT_ASSET_PATHS = "\"Day60 JSON Friends/Preview Content\"";
				DEVELOPMENT_TEAM = 4Q332864D3;
				ENABLE_PREVIEWS = YES;
				INFOPLIST_FILE = "Day60 JSON Friends/Info.plist";
				LD_RUNPATH_SEARCH_PATHS = (
					"$(inherited)",
					"@executable_path/Frameworks",
				);
				PRODUCT_BUNDLE_IDENTIFIER = "com.ImpulseCoupledDevelopment.Day60-JSON-Friends";
				PRODUCT_NAME = "$(TARGET_NAME)";
				SWIFT_VERSION = 5.0;
				TARGETED_DEVICE_FAMILY = "1,2";
			};
			name = Release;
		};
/* End XCBuildConfiguration section */

/* Begin XCConfigurationList section */
		1874603823884CD10001F859 /* Build configuration list for PBXProject "Day60 JSON Friends" */ = {
			isa = XCConfigurationList;
			buildConfigurations = (
				1874604F23884CD20001F859 /* Debug */,
				1874605023884CD20001F859 /* Release */,
			);
			defaultConfigurationIsVisible = 0;
			defaultConfigurationName = Release;
		};
		1874605123884CD20001F859 /* Build configuration list for PBXNativeTarget "Day60 JSON Friends" */ = {
			isa = XCConfigurationList;
			buildConfigurations = (
				1874605223884CD20001F859 /* Debug */,
				1874605323884CD20001F859 /* Release */,
			);
			defaultConfigurationIsVisible = 0;
			defaultConfigurationName = Release;
		};
/* End XCConfigurationList section */
	};
	rootObject = 1874603523884CD10001F859 /* Project object */;
}
